
Microsoft Visual Studio Solution File, Format Version 12.00
# Visual Studio 15
VisualStudioVersion = 15.0.28307.136
MinimumVisualStudioVersion = 10.0.40219.1
Project("{8BC9CEB8-8B4A-11D0-8D11-00A0C91BC942}") = "DynamicHook", "DynamicHook\DynamicHook.vcxproj", "{A35F7CD0-BEA9-4231-8607-591151AE9B43}"
EndProject
Project("{FAE04EC0-301F-11D3-BF4B-00C04F79EFBC}") = "InjectHook", "InjectHook\InjectHook.csproj", "{214F4016-5B30-40BE-AC46-C6DF51878089}"
	ProjectSection(ProjectDependencies) = postProject
		{A35F7CD0-BEA9-4231-8607-591151AE9B43} = {A35F7CD0-BEA9-4231-8607-591151AE9B43}
	EndProjectSection
EndProject
Global
	GlobalSection(SolutionConfigurationPlatforms) = preSolution
		Debug|Any CPU = Debug|Any CPU
		Debug|x64 = Debug|x64
		Debug|x86 = Debug|x86
		Release|Any CPU = Release|Any CPU
		Release|x64 = Release|x64
		Release|x86 = Release|x86
	EndGlobalSection
	GlobalSection(ProjectConfigurationPlatforms) = postSolution
		{A35F7CD0-BEA9-4231-8607-591151AE9B43}.Debug|Any CPU.ActiveCfg = Debug|Win32
		{A35F7CD0-BEA9-4231-8607-591151AE9B43}.Debug|x64.ActiveCfg = Debug|x64
		{A35F7CD0-BEA9-4231-8607-591151AE9B43}.Debug|x64.Build.0 = Debug|x64
		{A35F7CD0-BEA9-4231-8607-591151AE9B43}.Debug|x86.ActiveCfg = Debug|Win32
		{A35F7CD0-BEA9-4231-8607-591151AE9B43}.Debug|x86.Build.0 = Debug|Win32
		{A35F7CD0-BEA9-4231-8607-591151AE9B43}.Release|Any CPU.ActiveCfg = Release|Win32
		{A35F7CD0-BEA9-4231-8607-591151AE9B43}.Release|x64.ActiveCfg = Release|x64
		{A35F7CD0-BEA9-4231-8607-591151AE9B43}.Release|x64.Build.0 = Release|x64
		{A35F7CD0-BEA9-4231-8607-591151AE9B43}.Release|x86.ActiveCfg = Release|Win32
		{A35F7CD0-BEA9-4231-8607-591151AE9B43}.Release|x86.Build.0 = Release|Win32
		{214F4016-5B30-40BE-AC46-C6DF51878089}.Debug|Any CPU.ActiveCfg = Debug|Any CPU
		{214F4016-5B30-40BE-AC46-C6DF51878089}.Debug|Any CPU.Build.0 = Debug|Any CPU
		{214F4016-5B30-40BE-AC46-C6DF51878089}.Debug|x64.ActiveCfg = Debug|Any CPU
		{214F4016-5B30-40BE-AC46-C6DF51878089}.Debug|x64.Build.0 = Debug|Any CPU
		{214F4016-5B30-40BE-AC46-C6DF51878089}.Debug|x86.ActiveCfg = Debug|Any CPU
		{214F4016-5B30-40BE-AC46-C6DF51878089}.Debug|x86.Build.0 = Debug|Any CPU
		{214F4016-5B30-40BE-AC46-C6DF51878089}.Release|Any CPU.ActiveCfg = Release|Any CPU
		{214F4016-5B30-40BE-AC46-C6DF51878089}.Release|Any CPU.Build.0 = Release|Any CPU
		{214F4016-5B30-40BE-AC46-C6DF51878089}.Release|x64.ActiveCfg = Release|Any CPU
		{214F4016-5B30-40BE-AC46-C6DF51878089}.Release|x64.Build.0 = Release|Any CPU
		{214F4016-5B30-40BE-AC46-C6DF51878089}.Release|x86.ActiveCfg = Release|Any CPU
		{214F4016-5B30-40BE-AC46-C6DF51878089}.Release|x86.Build.0 = Release|Any CPU
	EndGlobalSection
	GlobalSection(SolutionProperties) = preSolution
		HideSolutionNode = FALSE
	EndGlobalSection
	GlobalSection(ExtensibilityGlobals) = postSolution
		SolutionGuid = {3B14AAB3-3ADF-4CAB-899F-2A8835D9108C}
	EndGlobalSection
EndGlobal
